
Microsoft Visual Studio Solution File, Format Version 12.00
# Visual Studio 15
VisualStudioVersion = 15.0.26228.9
MinimumVisualStudioVersion = 10.0.40219.1
Project("{FAE04EC0-301F-11D3-BF4B-00C04F79EFBC}") = "NombreAleatoireBasique", "NombreAleatoireBasique\NombreAleatoireBasique.csproj", "{B217C5A5-6AA4-49A8-B2F4-BD6388947119}"
EndProject
Global
	GlobalSection(SolutionConfigurationPlatforms) = preSolution
		Debug|Any CPU = Debug|Any CPU
		Release|Any CPU = Release|Any CPU
	EndGlobalSection
	GlobalSection(ProjectConfigurationPlatforms) = postSolution
		{B217C5A5-6AA4-49A8-B2F4-BD6388947119}.Debug|Any CPU.ActiveCfg = Debug|Any CPU
		{B217C5A5-6AA4-49A8-B2F4-BD6388947119}.Debug|Any CPU.Build.0 = Debug|Any CPU
		{B217C5A5-6AA4-49A8-B2F4-BD6388947119}.Release|Any CPU.ActiveCfg = Release|Any CPU
		{B217C5A5-6AA4-49A8-B2F4-BD6388947119}.Release|Any CPU.Build.0 = Release|Any CPU
	EndGlobalSection
	GlobalSection(SolutionProperties) = preSolution
		HideSolutionNode = FALSE
	EndGlobalSection
EndGlobal
